<?xml version="1.0" encoding="utf-8"?>
<Project ToolsVersion="4.0" xmlns="http://schemas.microsoft.com/developer/msbuild/2003">
  <ItemGroup>
    <ClInclude Include="include\Component.h" />
    <ClInclude Include="include\Entity.h" />
    <ClInclude Include="include\EntityManager.h" />
    <ClInclude Include="include\Transform.h" />
    <ClInclude Include="include\Scene.h" />
    <ClInclude Include="include\Window.h" />
    <ClInclude Include="include\Color.h" />
    <ClInclude Include="include\Camera.h" />
    <ClInclude Include="include\RigidBody.h" />
    <ClInclude Include="include\FPSCameraControl.h" />
    <ClInclude Include="include\Framebuffer.h" />
    <ClInclude Include="include\Frustum.h" />
    <ClInclude Include="include\GLCubemapTexture.h" />
    <ClInclude Include="include\GLSLProgram.h" />
    <ClInclude Include="include\GLTexture2D.h" />
    <ClInclude Include="include\GUI.h" />
    <ClInclude Include="include\Input.h" />
    <ClInclude Include="include\IOManager.h" />
    <ClInclude Include="include\KeyCode.h" />
    <ClInclude Include="include\Light.h" />
    <ClInclude Include="include\Material.h" />
    <ClInclude Include="include\Mesh.h" />
    <ClInclude Include="include\MeshRenderer.h" />
    <ClInclude Include="include\ParticleRenderer.h" />
    <ClInclude Include="include\ParticleSystem.h" />
    <ClInclude Include="include\Physics.h" />
    <ClInclude Include="include\Random.h" />
    <ClInclude Include="include\Renderer.h" />
    <ClInclude Include="include\Renderer2D.h" />
    <ClInclude Include="include\Renderer3D.h" />
    <ClInclude Include="include\ResourceManager.h" />
    <ClInclude Include="include\CylinderCollider.h" />
    <ClInclude Include="include\ConeCollider.h" />
    <ClInclude Include="include\Collider.h" />
    <ClInclude Include="include\CMotionState.h" />
    <ClInclude Include="include\CapsuleCollider.h" />
    <ClInclude Include="include\Button.h" />
    <ClInclude Include="include\BulletDebugRenderer.h" />
    <ClInclude Include="include\BoxCollider.h" />
    <ClInclude Include="include\Skybox.h" />
    <ClInclude Include="include\SphereCollider.h" />
    <ClInclude Include="include\Spinner.h" />
    <ClInclude Include="include\Sprite.h" />
    <ClInclude Include="include\SpriteRenderer.h" />
    <ClInclude Include="include\Texture.h" />
    <ClInclude Include="include\Timing.h" />
    <ClInclude Include="include\Utils.h" />
    <ClInclude Include="include\SceneManager.h" />
    <ClInclude Include="include\Application.h" />
    <ClInclude Include="include\Object.h" />
  </ItemGroup>
  <ItemGroup>
    <ClCompile Include="src\Transform.cpp" />
    <ClCompile Include="src\EntityManager.cpp" />
    <ClCompile Include="src\Entity.cpp" />
    <ClCompile Include="src\Scene.cpp" />
    <ClCompile Include="src\Color.cpp" />
    <ClCompile Include="src\Windows.cpp" />
    <ClCompile Include="src\Camera.cpp" />
    <ClCompile Include="src\Utils.cpp" />
    <ClCompile Include="src\RIgidBody.cpp" />
    <ClCompile Include="src\FPSCameraControl.cpp" />
    <ClCompile Include="src\Framebuffer.cpp" />
    <ClCompile Include="src\Frustum.cpp" />
    <ClCompile Include="src\GLCubemapTexture.cpp" />
    <ClCompile Include="src\GLSLProgram.cpp" />
    <ClCompile Include="src\GLTexture2D.cpp" />
    <ClCompile Include="src\GUI.cpp" />
    <ClCompile Include="src\Input.cpp" />
    <ClCompile Include="src\IOManager.cpp" />
    <ClCompile Include="src\Light.cpp" />
    <ClCompile Include="src\Mesh.cpp" />
    <ClCompile Include="src\MeshRenderer.cpp" />
    <ClCompile Include="src\ParticleRenderer.cpp" />
    <ClCompile Include="src\ParticleSystem.cpp" />
    <ClCompile Include="src\Physics.cpp" />
    <ClCompile Include="src\Random.cpp" />
    <ClCompile Include="src\Renderer2D.cpp" />
    <ClCompile Include="src\Renderer3D.cpp" />
    <ClCompile Include="src\ResourceManager.cpp" />
    <ClCompile Include="src\Timing.cpp" />
    <ClCompile Include="src\SpriteRenderer.cpp" />
    <ClCompile Include="src\Spinner.cpp" />
    <ClCompile Include="src\Skybox.cpp" />
    <ClCompile Include="src\CMotionState.cpp" />
    <ClCompile Include="src\Button.cpp" />
    <ClCompile Include="src\BulletDebugRenderer.cpp" />
    <ClCompile Include="src\Material.cpp" />
    <ClCompile Include="src\SceneManager.cpp" />
    <ClCompile Include="src\Application.cpp" />
    <ClCompile Include="src\Object.cpp" />
  </ItemGroup>
</Project>